
Microsoft Visual Studio Solution File, Format Version 12.00
# Visual Studio 2013
VisualStudioVersion = 12.0.31101.0
MinimumVisualStudioVersion = 10.0.40219.1
Project("{FAE04EC0-301F-11D3-BF4B-00C04F79EFBC}") = "CallSMSSample", "CallSMSSample\CallSMSSample\CallSMSSample.csproj", "{92FED6E5-EFF7-41A8-97F2-11A1648A4AAB}"
EndProject
Project("{FAE04EC0-301F-11D3-BF4B-00C04F79EFBC}") = "CallSMSSample.iOS", "CallSMSSample\CallSMSSample.iOS\CallSMSSample.iOS.csproj", "{2DEF6E81-B04E-4971-85ED-80DBFF86A2D8}"
EndProject
Project("{FAE04EC0-301F-11D3-BF4B-00C04F79EFBC}") = "CallSMSSample.Droid", "CallSMSSample\CallSMSSample.Droid\CallSMSSample.Droid.csproj", "{2B8AAA1D-1CAC-41CF-90B5-61697D9318A6}"
EndProject
Project("{FAE04EC0-301F-11D3-BF4B-00C04F79EFBC}") = "CallSMSSample.WinPhone", "CallSMSSample\CallSMSSample.WinPhone\CallSMSSample.WinPhone.csproj", "{2F6813CF-89A5-491D-9EEF-C83D2C5986EB}"
EndProject
Global
	GlobalSection(SolutionConfigurationPlatforms) = preSolution
		Ad-Hoc|Any CPU = Ad-Hoc|Any CPU
		Ad-Hoc|ARM = Ad-Hoc|ARM
		Ad-Hoc|iPhone = Ad-Hoc|iPhone
		Ad-Hoc|iPhoneSimulator = Ad-Hoc|iPhoneSimulator
		Ad-Hoc|Mixed Platforms = Ad-Hoc|Mixed Platforms
		Ad-Hoc|x86 = Ad-Hoc|x86
		AppStore|Any CPU = AppStore|Any CPU
		AppStore|ARM = AppStore|ARM
		AppStore|iPhone = AppStore|iPhone
		AppStore|iPhoneSimulator = AppStore|iPhoneSimulator
		AppStore|Mixed Platforms = AppStore|Mixed Platforms
		AppStore|x86 = AppStore|x86
		Debug|Any CPU = Debug|Any CPU
		Debug|ARM = Debug|ARM
		Debug|iPhone = Debug|iPhone
		Debug|iPhoneSimulator = Debug|iPhoneSimulator
		Debug|Mixed Platforms = Debug|Mixed Platforms
		Debug|x86 = Debug|x86
		Release|Any CPU = Release|Any CPU
		Release|ARM = Release|ARM
		Release|iPhone = Release|iPhone
		Release|iPhoneSimulator = Release|iPhoneSimulator
		Release|Mixed Platforms = Release|Mixed Platforms
		Release|x86 = Release|x86
	EndGlobalSection
	GlobalSection(ProjectConfigurationPlatforms) = postSolution
		{92FED6E5-EFF7-41A8-97F2-11A1648A4AAB}.Ad-Hoc|Any CPU.ActiveCfg = Release|Any CPU
		{92FED6E5-EFF7-41A8-97F2-11A1648A4AAB}.Ad-Hoc|Any CPU.Build.0 = Release|Any CPU
		{92FED6E5-EFF7-41A8-97F2-11A1648A4AAB}.Ad-Hoc|ARM.ActiveCfg = Release|Any CPU
		{92FED6E5-EFF7-41A8-97F2-11A1648A4AAB}.Ad-Hoc|iPhone.ActiveCfg = Release|Any CPU
		{92FED6E5-EFF7-41A8-97F2-11A1648A4AAB}.Ad-Hoc|iPhoneSimulator.ActiveCfg = Release|Any CPU
		{92FED6E5-EFF7-41A8-97F2-11A1648A4AAB}.Ad-Hoc|Mixed Platforms.ActiveCfg = Release|Any CPU
		{92FED6E5-EFF7-41A8-97F2-11A1648A4AAB}.Ad-Hoc|Mixed Platforms.Build.0 = Release|Any CPU
		{92FED6E5-EFF7-41A8-97F2-11A1648A4AAB}.Ad-Hoc|x86.ActiveCfg = Release|Any CPU
		{92FED6E5-EFF7-41A8-97F2-11A1648A4AAB}.AppStore|Any CPU.ActiveCfg = Release|Any CPU
		{92FED6E5-EFF7-41A8-97F2-11A1648A4AAB}.AppStore|Any CPU.Build.0 = Release|Any CPU
		{92FED6E5-EFF7-41A8-97F2-11A1648A4AAB}.AppStore|ARM.ActiveCfg = Release|Any CPU
		{92FED6E5-EFF7-41A8-97F2-11A1648A4AAB}.AppStore|iPhone.ActiveCfg = Release|Any CPU
		{92FED6E5-EFF7-41A8-97F2-11A1648A4AAB}.AppStore|iPhoneSimulator.ActiveCfg = Release|Any CPU
		{92FED6E5-EFF7-41A8-97F2-11A1648A4AAB}.AppStore|Mixed Platforms.ActiveCfg = Release|Any CPU
		{92FED6E5-EFF7-41A8-97F2-11A1648A4AAB}.AppStore|Mixed Platforms.Build.0 = Release|Any CPU
		{92FED6E5-EFF7-41A8-97F2-11A1648A4AAB}.AppStore|x86.ActiveCfg = Release|Any CPU
		{92FED6E5-EFF7-41A8-97F2-11A1648A4AAB}.Debug|Any CPU.ActiveCfg = Debug|Any CPU
		{92FED6E5-EFF7-41A8-97F2-11A1648A4AAB}.Debug|Any CPU.Build.0 = Debug|Any CPU
		{92FED6E5-EFF7-41A8-97F2-11A1648A4AAB}.Debug|ARM.ActiveCfg = Debug|Any CPU
		{92FED6E5-EFF7-41A8-97F2-11A1648A4AAB}.Debug|iPhone.ActiveCfg = Debug|Any CPU
		{92FED6E5-EFF7-41A8-97F2-11A1648A4AAB}.Debug|iPhoneSimulator.ActiveCfg = Debug|Any CPU
		{92FED6E5-EFF7-41A8-97F2-11A1648A4AAB}.Debug|Mixed Platforms.ActiveCfg = Debug|Any CPU
		{92FED6E5-EFF7-41A8-97F2-11A1648A4AAB}.Debug|Mixed Platforms.Build.0 = Debug|Any CPU
		{92FED6E5-EFF7-41A8-97F2-11A1648A4AAB}.Debug|x86.ActiveCfg = Debug|Any CPU
		{92FED6E5-EFF7-41A8-97F2-11A1648A4AAB}.Release|Any CPU.ActiveCfg = Release|Any CPU
		{92FED6E5-EFF7-41A8-97F2-11A1648A4AAB}.Release|Any CPU.Build.0 = Release|Any CPU
		{92FED6E5-EFF7-41A8-97F2-11A1648A4AAB}.Release|ARM.ActiveCfg = Release|Any CPU
		{92FED6E5-EFF7-41A8-97F2-11A1648A4AAB}.Release|iPhone.ActiveCfg = Release|Any CPU
		{92FED6E5-EFF7-41A8-97F2-11A1648A4AAB}.Release|iPhoneSimulator.ActiveCfg = Release|Any CPU
		{92FED6E5-EFF7-41A8-97F2-11A1648A4AAB}.Release|Mixed Platforms.ActiveCfg = Release|Any CPU
		{92FED6E5-EFF7-41A8-97F2-11A1648A4AAB}.Release|Mixed Platforms.Build.0 = Release|Any CPU
		{92FED6E5-EFF7-41A8-97F2-11A1648A4AAB}.Release|x86.ActiveCfg = Release|Any CPU
		{2DEF6E81-B04E-4971-85ED-80DBFF86A2D8}.Ad-Hoc|Any CPU.ActiveCfg = Ad-Hoc|iPhone
		{2DEF6E81-B04E-4971-85ED-80DBFF86A2D8}.Ad-Hoc|ARM.ActiveCfg = Ad-Hoc|iPhone
		{2DEF6E81-B04E-4971-85ED-80DBFF86A2D8}.Ad-Hoc|iPhone.ActiveCfg = Ad-Hoc|iPhone
		{2DEF6E81-B04E-4971-85ED-80DBFF86A2D8}.Ad-Hoc|iPhone.Build.0 = Ad-Hoc|iPhone
		{2DEF6E81-B04E-4971-85ED-80DBFF86A2D8}.Ad-Hoc|iPhoneSimulator.ActiveCfg = Ad-Hoc|iPhoneSimulator
		{2DEF6E81-B04E-4971-85ED-80DBFF86A2D8}.Ad-Hoc|iPhoneSimulator.Build.0 = Ad-Hoc|iPhoneSimulator
		{2DEF6E81-B04E-4971-85ED-80DBFF86A2D8}.Ad-Hoc|Mixed Platforms.ActiveCfg = Ad-Hoc|iPhone
		{2DEF6E81-B04E-4971-85ED-80DBFF86A2D8}.Ad-Hoc|Mixed Platforms.Build.0 = Ad-Hoc|iPhone
		{2DEF6E81-B04E-4971-85ED-80DBFF86A2D8}.Ad-Hoc|x86.ActiveCfg = Ad-Hoc|iPhone
		{2DEF6E81-B04E-4971-85ED-80DBFF86A2D8}.AppStore|Any CPU.ActiveCfg = AppStore|iPhone
		{2DEF6E81-B04E-4971-85ED-80DBFF86A2D8}.AppStore|ARM.ActiveCfg = AppStore|iPhone
		{2DEF6E81-B04E-4971-85ED-80DBFF86A2D8}.AppStore|iPhone.ActiveCfg = AppStore|iPhone
		{2DEF6E81-B04E-4971-85ED-80DBFF86A2D8}.AppStore|iPhone.Build.0 = AppStore|iPhone
		{2DEF6E81-B04E-4971-85ED-80DBFF86A2D8}.AppStore|iPhoneSimulator.ActiveCfg = AppStore|iPhoneSimulator
		{2DEF6E81-B04E-4971-85ED-80DBFF86A2D8}.AppStore|iPhoneSimulator.Build.0 = AppStore|iPhoneSimulator
		{2DEF6E81-B04E-4971-85ED-80DBFF86A2D8}.AppStore|Mixed Platforms.ActiveCfg = AppStore|iPhone
		{2DEF6E81-B04E-4971-85ED-80DBFF86A2D8}.AppStore|Mixed Platforms.Build.0 = AppStore|iPhone
		{2DEF6E81-B04E-4971-85ED-80DBFF86A2D8}.AppStore|x86.ActiveCfg = AppStore|iPhone
		{2DEF6E81-B04E-4971-85ED-80DBFF86A2D8}.Debug|Any CPU.ActiveCfg = Debug|iPhone
		{2DEF6E81-B04E-4971-85ED-80DBFF86A2D8}.Debug|ARM.ActiveCfg = Debug|iPhone
		{2DEF6E81-B04E-4971-85ED-80DBFF86A2D8}.Debug|iPhone.ActiveCfg = Debug|iPhone
		{2DEF6E81-B04E-4971-85ED-80DBFF86A2D8}.Debug|iPhone.Build.0 = Debug|iPhone
		{2DEF6E81-B04E-4971-85ED-80DBFF86A2D8}.Debug|iPhoneSimulator.ActiveCfg = Debug|iPhoneSimulator
		{2DEF6E81-B04E-4971-85ED-80DBFF86A2D8}.Debug|iPhoneSimulator.Build.0 = Debug|iPhoneSimulator
		{2DEF6E81-B04E-4971-85ED-80DBFF86A2D8}.Debug|Mixed Platforms.ActiveCfg = Debug|iPhone
		{2DEF6E81-B04E-4971-85ED-80DBFF86A2D8}.Debug|Mixed Platforms.Build.0 = Debug|iPhone
		{2DEF6E81-B04E-4971-85ED-80DBFF86A2D8}.Debug|x86.ActiveCfg = Debug|iPhone
		{2DEF6E81-B04E-4971-85ED-80DBFF86A2D8}.Release|Any CPU.ActiveCfg = Release|iPhone
		{2DEF6E81-B04E-4971-85ED-80DBFF86A2D8}.Release|ARM.ActiveCfg = Release|iPhone
		{2DEF6E81-B04E-4971-85ED-80DBFF86A2D8}.Release|iPhone.ActiveCfg = Release|iPhone
		{2DEF6E81-B04E-4971-85ED-80DBFF86A2D8}.Release|iPhone.Build.0 = Release|iPhone
		{2DEF6E81-B04E-4971-85ED-80DBFF86A2D8}.Release|iPhoneSimulator.ActiveCfg = Release|iPhoneSimulator
		{2DEF6E81-B04E-4971-85ED-80DBFF86A2D8}.Release|iPhoneSimulator.Build.0 = Release|iPhoneSimulator
		{2DEF6E81-B04E-4971-85ED-80DBFF86A2D8}.Release|Mixed Platforms.ActiveCfg = Release|iPhone
		{2DEF6E81-B04E-4971-85ED-80DBFF86A2D8}.Release|Mixed Platforms.Build.0 = Release|iPhone
		{2DEF6E81-B04E-4971-85ED-80DBFF86A2D8}.Release|x86.ActiveCfg = Release|iPhone
		{2B8AAA1D-1CAC-41CF-90B5-61697D9318A6}.Ad-Hoc|Any CPU.ActiveCfg = Release|Any CPU
		{2B8AAA1D-1CAC-41CF-90B5-61697D9318A6}.Ad-Hoc|Any CPU.Build.0 = Release|Any CPU
		{2B8AAA1D-1CAC-41CF-90B5-61697D9318A6}.Ad-Hoc|Any CPU.Deploy.0 = Release|Any CPU
		{2B8AAA1D-1CAC-41CF-90B5-61697D9318A6}.Ad-Hoc|ARM.ActiveCfg = Release|Any CPU
		{2B8AAA1D-1CAC-41CF-90B5-61697D9318A6}.Ad-Hoc|iPhone.ActiveCfg = Release|Any CPU
		{2B8AAA1D-1CAC-41CF-90B5-61697D9318A6}.Ad-Hoc|iPhoneSimulator.ActiveCfg = Release|Any CPU
		{2B8AAA1D-1CAC-41CF-90B5-61697D9318A6}.Ad-Hoc|Mixed Platforms.ActiveCfg = Release|Any CPU
		{2B8AAA1D-1CAC-41CF-90B5-61697D9318A6}.Ad-Hoc|Mixed Platforms.Build.0 = Release|Any CPU
		{2B8AAA1D-1CAC-41CF-90B5-61697D9318A6}.Ad-Hoc|Mixed Platforms.Deploy.0 = Release|Any CPU
		{2B8AAA1D-1CAC-41CF-90B5-61697D9318A6}.Ad-Hoc|x86.ActiveCfg = Release|Any CPU
		{2B8AAA1D-1CAC-41CF-90B5-61697D9318A6}.AppStore|Any CPU.ActiveCfg = Release|Any CPU
		{2B8AAA1D-1CAC-41CF-90B5-61697D9318A6}.AppStore|Any CPU.Build.0 = Release|Any CPU
		{2B8AAA1D-1CAC-41CF-90B5-61697D9318A6}.AppStore|Any CPU.Deploy.0 = Release|Any CPU
		{2B8AAA1D-1CAC-41CF-90B5-61697D9318A6}.AppStore|ARM.ActiveCfg = Release|Any CPU
		{2B8AAA1D-1CAC-41CF-90B5-61697D9318A6}.AppStore|iPhone.ActiveCfg = Release|Any CPU
		{2B8AAA1D-1CAC-41CF-90B5-61697D9318A6}.AppStore|iPhoneSimulator.ActiveCfg = Release|Any CPU
		{2B8AAA1D-1CAC-41CF-90B5-61697D9318A6}.AppStore|Mixed Platforms.ActiveCfg = Release|Any CPU
		{2B8AAA1D-1CAC-41CF-90B5-61697D9318A6}.AppStore|Mixed Platforms.Build.0 = Release|Any CPU
		{2B8AAA1D-1CAC-41CF-90B5-61697D9318A6}.AppStore|Mixed Platforms.Deploy.0 = Release|Any CPU
		{2B8AAA1D-1CAC-41CF-90B5-61697D9318A6}.AppStore|x86.ActiveCfg = Release|Any CPU
		{2B8AAA1D-1CAC-41CF-90B5-61697D9318A6}.Debug|Any CPU.ActiveCfg = Debug|Any CPU
		{2B8AAA1D-1CAC-41CF-90B5-61697D9318A6}.Debug|Any CPU.Build.0 = Debug|Any CPU
		{2B8AAA1D-1CAC-41CF-90B5-61697D9318A6}.Debug|Any CPU.Deploy.0 = Debug|Any CPU
		{2B8AAA1D-1CAC-41CF-90B5-61697D9318A6}.Debug|ARM.ActiveCfg = Debug|Any CPU
		{2B8AAA1D-1CAC-41CF-90B5-61697D9318A6}.Debug|iPhone.ActiveCfg = Debug|Any CPU
		{2B8AAA1D-1CAC-41CF-90B5-61697D9318A6}.Debug|iPhoneSimulator.ActiveCfg = Debug|Any CPU
		{2B8AAA1D-1CAC-41CF-90B5-61697D9318A6}.Debug|Mixed Platforms.ActiveCfg = Debug|Any CPU
		{2B8AAA1D-1CAC-41CF-90B5-61697D9318A6}.Debug|Mixed Platforms.Build.0 = Debug|Any CPU
		{2B8AAA1D-1CAC-41CF-90B5-61697D9318A6}.Debug|Mixed Platforms.Deploy.0 = Debug|Any CPU
		{2B8AAA1D-1CAC-41CF-90B5-61697D9318A6}.Debug|x86.ActiveCfg = Debug|Any CPU
		{2B8AAA1D-1CAC-41CF-90B5-61697D9318A6}.Release|Any CPU.ActiveCfg = Release|Any CPU
		{2B8AAA1D-1CAC-41CF-90B5-61697D9318A6}.Release|Any CPU.Build.0 = Release|Any CPU
		{2B8AAA1D-1CAC-41CF-90B5-61697D9318A6}.Release|Any CPU.Deploy.0 = Release|Any CPU
		{2B8AAA1D-1CAC-41CF-90B5-61697D9318A6}.Release|ARM.ActiveCfg = Release|Any CPU
		{2B8AAA1D-1CAC-41CF-90B5-61697D9318A6}.Release|iPhone.ActiveCfg = Release|Any CPU
		{2B8AAA1D-1CAC-41CF-90B5-61697D9318A6}.Release|iPhoneSimulator.ActiveCfg = Release|Any CPU
		{2B8AAA1D-1CAC-41CF-90B5-61697D9318A6}.Release|Mixed Platforms.ActiveCfg = Release|Any CPU
		{2B8AAA1D-1CAC-41CF-90B5-61697D9318A6}.Release|Mixed Platforms.Build.0 = Release|Any CPU
		{2B8AAA1D-1CAC-41CF-90B5-61697D9318A6}.Release|Mixed Platforms.Deploy.0 = Release|Any CPU
		{2B8AAA1D-1CAC-41CF-90B5-61697D9318A6}.Release|x86.ActiveCfg = Release|Any CPU
		{2F6813CF-89A5-491D-9EEF-C83D2C5986EB}.Ad-Hoc|Any CPU.ActiveCfg = Release|Any CPU
		{2F6813CF-89A5-491D-9EEF-C83D2C5986EB}.Ad-Hoc|Any CPU.Build.0 = Release|Any CPU
		{2F6813CF-89A5-491D-9EEF-C83D2C5986EB}.Ad-Hoc|Any CPU.Deploy.0 = Release|Any CPU
		{2F6813CF-89A5-491D-9EEF-C83D2C5986EB}.Ad-Hoc|ARM.ActiveCfg = Release|ARM
		{2F6813CF-89A5-491D-9EEF-C83D2C5986EB}.Ad-Hoc|ARM.Build.0 = Release|ARM
		{2F6813CF-89A5-491D-9EEF-C83D2C5986EB}.Ad-Hoc|ARM.Deploy.0 = Release|ARM
		{2F6813CF-89A5-491D-9EEF-C83D2C5986EB}.Ad-Hoc|iPhone.ActiveCfg = Release|Any CPU
		{2F6813CF-89A5-491D-9EEF-C83D2C5986EB}.Ad-Hoc|iPhoneSimulator.ActiveCfg = Release|Any CPU
		{2F6813CF-89A5-491D-9EEF-C83D2C5986EB}.Ad-Hoc|Mixed Platforms.ActiveCfg = Release|x86
		{2F6813CF-89A5-491D-9EEF-C83D2C5986EB}.Ad-Hoc|Mixed Platforms.Build.0 = Release|x86
		{2F6813CF-89A5-491D-9EEF-C83D2C5986EB}.Ad-Hoc|Mixed Platforms.Deploy.0 = Release|x86
		{2F6813CF-89A5-491D-9EEF-C83D2C5986EB}.Ad-Hoc|x86.ActiveCfg = Release|x86
		{2F6813CF-89A5-491D-9EEF-C83D2C5986EB}.Ad-Hoc|x86.Build.0 = Release|x86
		{2F6813CF-89A5-491D-9EEF-C83D2C5986EB}.Ad-Hoc|x86.Deploy.0 = Release|x86
		{2F6813CF-89A5-491D-9EEF-C83D2C5986EB}.AppStore|Any CPU.ActiveCfg = Release|Any CPU
		{2F6813CF-89A5-491D-9EEF-C83D2C5986EB}.AppStore|Any CPU.Build.0 = Release|Any CPU
		{2F6813CF-89A5-491D-9EEF-C83D2C5986EB}.AppStore|Any CPU.Deploy.0 = Release|Any CPU
		{2F6813CF-89A5-491D-9EEF-C83D2C5986EB}.AppStore|ARM.ActiveCfg = Release|ARM
		{2F6813CF-89A5-491D-9EEF-C83D2C5986EB}.AppStore|ARM.Build.0 = Release|ARM
		{2F6813CF-89A5-491D-9EEF-C83D2C5986EB}.AppStore|ARM.Deploy.0 = Release|ARM
		{2F6813CF-89A5-491D-9EEF-C83D2C5986EB}.AppStore|iPhone.ActiveCfg = Release|Any CPU
		{2F6813CF-89A5-491D-9EEF-C83D2C5986EB}.AppStore|iPhoneSimulator.ActiveCfg = Release|Any CPU
		{2F6813CF-89A5-491D-9EEF-C83D2C5986EB}.AppStore|Mixed Platforms.ActiveCfg = Release|x86
		{2F6813CF-89A5-491D-9EEF-C83D2C5986EB}.AppStore|Mixed Platforms.Build.0 = Release|x86
		{2F6813CF-89A5-491D-9EEF-C83D2C5986EB}.AppStore|Mixed Platforms.Deploy.0 = Release|x86
		{2F6813CF-89A5-491D-9EEF-C83D2C5986EB}.AppStore|x86.ActiveCfg = Release|x86
		{2F6813CF-89A5-491D-9EEF-C83D2C5986EB}.AppStore|x86.Build.0 = Release|x86
		{2F6813CF-89A5-491D-9EEF-C83D2C5986EB}.AppStore|x86.Deploy.0 = Release|x86
		{2F6813CF-89A5-491D-9EEF-C83D2C5986EB}.Debug|Any CPU.ActiveCfg = Debug|Any CPU
		{2F6813CF-89A5-491D-9EEF-C83D2C5986EB}.Debug|Any CPU.Build.0 = Debug|Any CPU
		{2F6813CF-89A5-491D-9EEF-C83D2C5986EB}.Debug|Any CPU.Deploy.0 = Debug|Any CPU
		{2F6813CF-89A5-491D-9EEF-C83D2C5986EB}.Debug|ARM.ActiveCfg = Debug|ARM
		{2F6813CF-89A5-491D-9EEF-C83D2C5986EB}.Debug|ARM.Build.0 = Debug|ARM
		{2F6813CF-89A5-491D-9EEF-C83D2C5986EB}.Debug|ARM.Deploy.0 = Debug|ARM
		{2F6813CF-89A5-491D-9EEF-C83D2C5986EB}.Debug|iPhone.ActiveCfg = Debug|Any CPU
		{2F6813CF-89A5-491D-9EEF-C83D2C5986EB}.Debug|iPhoneSimulator.ActiveCfg = Debug|Any CPU
		{2F6813CF-89A5-491D-9EEF-C83D2C5986EB}.Debug|Mixed Platforms.ActiveCfg = Debug|Any CPU
		{2F6813CF-89A5-491D-9EEF-C83D2C5986EB}.Debug|Mixed Platforms.Build.0 = Debug|Any CPU
		{2F6813CF-89A5-491D-9EEF-C83D2C5986EB}.Debug|Mixed Platforms.Deploy.0 = Debug|Any CPU
		{2F6813CF-89A5-491D-9EEF-C83D2C5986EB}.Debug|x86.ActiveCfg = Debug|x86
		{2F6813CF-89A5-491D-9EEF-C83D2C5986EB}.Debug|x86.Build.0 = Debug|x86
		{2F6813CF-89A5-491D-9EEF-C83D2C5986EB}.Debug|x86.Deploy.0 = Debug|x86
		{2F6813CF-89A5-491D-9EEF-C83D2C5986EB}.Release|Any CPU.ActiveCfg = Release|Any CPU
		{2F6813CF-89A5-491D-9EEF-C83D2C5986EB}.Release|Any CPU.Build.0 = Release|Any CPU
		{2F6813CF-89A5-491D-9EEF-C83D2C5986EB}.Release|Any CPU.Deploy.0 = Release|Any CPU
		{2F6813CF-89A5-491D-9EEF-C83D2C5986EB}.Release|ARM.ActiveCfg = Release|ARM
		{2F6813CF-89A5-491D-9EEF-C83D2C5986EB}.Release|ARM.Build.0 = Release|ARM
		{2F6813CF-89A5-491D-9EEF-C83D2C5986EB}.Release|ARM.Deploy.0 = Release|ARM
		{2F6813CF-89A5-491D-9EEF-C83D2C5986EB}.Release|iPhone.ActiveCfg = Release|Any CPU
		{2F6813CF-89A5-491D-9EEF-C83D2C5986EB}.Release|iPhoneSimulator.ActiveCfg = Release|Any CPU
		{2F6813CF-89A5-491D-9EEF-C83D2C5986EB}.Release|Mixed Platforms.ActiveCfg = Release|x86
		{2F6813CF-89A5-491D-9EEF-C83D2C5986EB}.Release|Mixed Platforms.Build.0 = Release|x86
		{2F6813CF-89A5-491D-9EEF-C83D2C5986EB}.Release|Mixed Platforms.Deploy.0 = Release|x86
		{2F6813CF-89A5-491D-9EEF-C83D2C5986EB}.Release|x86.ActiveCfg = Release|x86
		{2F6813CF-89A5-491D-9EEF-C83D2C5986EB}.Release|x86.Build.0 = Release|x86
		{2F6813CF-89A5-491D-9EEF-C83D2C5986EB}.Release|x86.Deploy.0 = Release|x86
	EndGlobalSection
	GlobalSection(SolutionProperties) = preSolution
		HideSolutionNode = FALSE
	EndGlobalSection
EndGlobal
